# This file is automatically @generated by Cargo.
# It is not intended for manual editing.
version = 3

[[package]]
name = "dec8"
version = "0.1.0"
dependencies = [
 "vecgrid",
]

[[package]]
name = "vecgrid"
version = "0.2.2"
source = "registry+https://github.com/rust-lang/crates.io-index"
checksum = "5d45d5daefa51ff6e38df01a6e66b9b65d69af2cc4e95e3f34d62d9c288b8731"
